github.com/alloyzeus/go-azfl v0.0.0-20231220071816-9740126a2d07 h1:6iULNU8NCy5rRi9wKdjSYyMVKWD3kmP7kYMJW3fYyu4=
github.com/alloyzeus/go-azfl v0.0.0-20231220071816-9740126a2d07/go.mod h1:Xi1SJoY0VACX/IThW87UueCKe2OzTYrPt8YFV430sos=
github.com/mitchellh/go-wordwrap v1.0.1/go.mod h1:R62XHJLzvMFRBbcrT7m7WgmE1eOyTSsCt+hzestvNj0=
github.com/rez-go/stev v0.0.0-20231220122940-032b58c0824c h1:eFtpS3mq7ssDXgjIWJhBeagI3XhLMY3TbYAddroJwyo=
github.com/rez-go/stev v0.0.0-20231220122940-032b58c0824c/go.mod h1:xUdOSy/LoZn1eOy7z5jaYPyY8qquyjEAZgNxGTHNzII=
